// !$*UTF8*$!
{
	archiveVersion = 1;
	classes = {
	};
	objectVersion = 56;
	objects = {

/* Begin PBXBuildFile section */
		FF21AD8B2AD2A138002B6787 /* Hydrangea_HomepageApp.swift in Sources */ = {isa = PBXBuildFile; fileRef = FF21AD8A2AD2A138002B6787 /* Hydrangea_HomepageApp.swift */; };
		FF21AD8D2AD2A138002B6787 /* ContentView.swift in Sources */ = {isa = PBXBuildFile; fileRef = FF21AD8C2AD2A138002B6787 /* ContentView.swift */; };
		FF21AD8F2AD2A139002B6787 /* Assets.xcassets in Resources */ = {isa = PBXBuildFile; fileRef = FF21AD8E2AD2A139002B6787 /* Assets.xcassets */; };
		FF21AD922AD2A139002B6787 /* Preview Assets.xcassets in Resources */ = {isa = PBXBuildFile; fileRef = FF21AD912AD2A139002B6787 /* Preview Assets.xcassets */; };
		FF21AD9C2AD2A139002B6787 /* Hydrangea_HomepageTests.swift in Sources */ = {isa = PBXBuildFile; fileRef = FF21AD9B2AD2A139002B6787 /* Hydrangea_HomepageTests.swift */; };
		FF21ADA62AD2A139002B6787 /* Hydrangea_HomepageUITests.swift in Sources */ = {isa = PBXBuildFile; fileRef = FF21ADA52AD2A139002B6787 /* Hydrangea_HomepageUITests.swift */; };
		FF21ADA82AD2A139002B6787 /* Hydrangea_HomepageUITestsLaunchTests.swift in Sources */ = {isa = PBXBuildFile; fileRef = FF21ADA72AD2A139002B6787 /* Hydrangea_HomepageUITestsLaunchTests.swift */; };
		FF21ADB62AD2A1EE002B6787 /* Icon.swift in Sources */ = {isa = PBXBuildFile; fileRef = FF21ADB52AD2A1EE002B6787 /* Icon.swift */; };
		FF21ADB82AD2A21C002B6787 /* Website.swift in Sources */ = {isa = PBXBuildFile; fileRef = FF21ADB72AD2A21C002B6787 /* Website.swift */; };
/* End PBXBuildFile section */

/* Begin PBXContainerItemProxy section */
		FF21AD982AD2A139002B6787 /* PBXContainerItemProxy */ = {
			isa = PBXContainerItemProxy;
			containerPortal = FF21AD7F2AD2A138002B6787 /* Project object */;
			proxyType = 1;
			remoteGlobalIDString = FF21AD862AD2A138002B6787;
			remoteInfo = "Hydrangea Homepage";
		};
		FF21ADA22AD2A139002B6787 /* PBXContainerItemProxy */ = {
			isa = PBXContainerItemProxy;
			containerPortal = FF21AD7F2AD2A138002B6787 /* Project object */;
			proxyType = 1;
			remoteGlobalIDString = FF21AD862AD2A138002B6787;
			remoteInfo = "Hydrangea Homepage";
		};
/* End PBXContainerItemProxy section */

/* Begin PBXFileReference section */
		FF21AD872AD2A138002B6787 /* Hydrangea Homepage.app */ = {isa = PBXFileReference; explicitFileType = wrapper.application; includeInIndex = 0; path = "Hydrangea Homepage.app"; sourceTree = BUILT_PRODUCTS_DIR; };
		FF21AD8A2AD2A138002B6787 /* Hydrangea_HomepageApp.swift */ = {isa = PBXFileReference; lastKnownFileType = sourcecode.swift; path = Hydrangea_HomepageApp.swift; sourceTree = "<group>"; };
		FF21AD8C2AD2A138002B6787 /* ContentView.swift */ = {isa = PBXFileReference; lastKnownFileType = sourcecode.swift; path = ContentView.swift; sourceTree = "<group>"; };
		FF21AD8E2AD2A139002B6787 /* Assets.xcassets */ = {isa = PBXFileReference; lastKnownFileType = folder.assetcatalog; path = Assets.xcassets; sourceTree = "<group>"; };
		FF21AD912AD2A139002B6787 /* Preview Assets.xcassets */ = {isa = PBXFileReference; lastKnownFileType = folder.assetcatalog; path = "Preview Assets.xcassets"; sourceTree = "<group>"; };
		FF21AD972AD2A139002B6787 /* Hydrangea HomepageTests.xctest */ = {isa = PBXFileReference; explicitFileType = wrapper.cfbundle; includeInIndex = 0; path = "Hydrangea HomepageTests.xctest"; sourceTree = BUILT_PRODUCTS_DIR; };
		FF21AD9B2AD2A139002B6787 /* Hydrangea_HomepageTests.swift */ = {isa = PBXFileReference; lastKnownFileType = sourcecode.swift; path = Hydrangea_HomepageTests.swift; sourceTree = "<group>"; };
		FF21ADA12AD2A139002B6787 /* Hydrangea HomepageUITests.xctest */ = {isa = PBXFileReference; explicitFileType = wrapper.cfbundle; includeInIndex = 0; path = "Hydrangea HomepageUITests.xctest"; sourceTree = BUILT_PRODUCTS_DIR; };
		FF21ADA52AD2A139002B6787 /* Hydrangea_HomepageUITests.swift */ = {isa = PBXFileReference; lastKnownFileType = sourcecode.swift; path = Hydrangea_HomepageUITests.swift; sourceTree = "<group>"; };
		FF21ADA72AD2A139002B6787 /* Hydrangea_HomepageUITestsLaunchTests.swift */ = {isa = PBXFileReference; lastKnownFileType = sourcecode.swift; path = Hydrangea_HomepageUITestsLaunchTests.swift; sourceTree = "<group>"; };
		FF21ADB52AD2A1EE002B6787 /* Icon.swift */ = {isa = PBXFileReference; lastKnownFileType = sourcecode.swift; path = Icon.swift; sourceTree = "<group>"; };
		FF21ADB72AD2A21C002B6787 /* Website.swift */ = {isa = PBXFileReference; lastKnownFileType = sourcecode.swift; path = Website.swift; sourceTree = "<group>"; };
/* End PBXFileReference section */

/* Begin PBXFrameworksBuildPhase section */
		FF21AD842AD2A138002B6787 /* Frameworks */ = {
			isa = PBXFrameworksBuildPhase;
			buildActionMask = 2147483647;
			files = (
			);
			runOnlyForDeploymentPostprocessing = 0;
		};
		FF21AD942AD2A139002B6787 /* Frameworks */ = {
			isa = PBXFrameworksBuildPhase;
			buildActionMask = 2147483647;
			files = (
			);
			runOnlyForDeploymentPostprocessing = 0;
		};
		FF21AD9E2AD2A139002B6787 /* Frameworks */ = {
			isa = PBXFrameworksBuildPhase;
			buildActionMask = 2147483647;
			files = (
			);
			runOnlyForDeploymentPostprocessing = 0;
		};
/* End PBXFrameworksBuildPhase section */

/* Begin PBXGroup section */
		FF21AD7E2AD2A138002B6787 = {
			isa = PBXGroup;
			children = (
				FF21AD892AD2A138002B6787 /* Hydrangea Homepage */,
				FF21AD9A2AD2A139002B6787 /* Hydrangea HomepageTests */,
				FF21ADA42AD2A139002B6787 /* Hydrangea HomepageUITests */,
				FF21AD882AD2A138002B6787 /* Products */,
			);
			sourceTree = "<group>";
		};
		FF21AD882AD2A138002B6787 /* Products */ = {
			isa = PBXGroup;
			children = (
				FF21AD872AD2A138002B6787 /* Hydrangea Homepage.app */,
				FF21AD972AD2A139002B6787 /* Hydrangea HomepageTests.xctest */,
				FF21ADA12AD2A139002B6787 /* Hydrangea HomepageUITests.xctest */,
			);
			name = Products;
			sourceTree = "<group>";
		};
		FF21AD892AD2A138002B6787 /* Hydrangea Homepage */ = {
			isa = PBXGroup;
			children = (
				FF21ADB42AD2A1D1002B6787 /* Components */,
				FF21AD8A2AD2A138002B6787 /* Hydrangea_HomepageApp.swift */,
				FF21AD8C2AD2A138002B6787 /* ContentView.swift */,
				FF21AD8E2AD2A139002B6787 /* Assets.xcassets */,
				FF21AD902AD2A139002B6787 /* Preview Content */,
			);
			path = "Hydrangea Homepage";
			sourceTree = "<group>";
		};
		FF21AD902AD2A139002B6787 /* Preview Content */ = {
			isa = PBXGroup;
			children = (
				FF21AD912AD2A139002B6787 /* Preview Assets.xcassets */,
			);
			path = "Preview Content";
			sourceTree = "<group>";
		};
		FF21AD9A2AD2A139002B6787 /* Hydrangea HomepageTests */ = {
			isa = PBXGroup;
			children = (
				FF21AD9B2AD2A139002B6787 /* Hydrangea_HomepageTests.swift */,
			);
			path = "Hydrangea HomepageTests";
			sourceTree = "<group>";
		};
		FF21ADA42AD2A139002B6787 /* Hydrangea HomepageUITests */ = {
			isa = PBXGroup;
			children = (
				FF21ADA52AD2A139002B6787 /* Hydrangea_HomepageUITests.swift */,
				FF21ADA72AD2A139002B6787 /* Hydrangea_HomepageUITestsLaunchTests.swift */,
			);
			path = "Hydrangea HomepageUITests";
			sourceTree = "<group>";
		};
		FF21ADB42AD2A1D1002B6787 /* Components */ = {
			isa = PBXGroup;
			children = (
				FF21ADB52AD2A1EE002B6787 /* Icon.swift */,
				FF21ADB72AD2A21C002B6787 /* Website.swift */,
			);
			path = Components;
			sourceTree = "<group>";
		};
/* End PBXGroup section */

/* Begin PBXNativeTarget section */
		FF21AD862AD2A138002B6787 /* Hydrangea Homepage */ = {
			isa = PBXNativeTarget;
			buildConfigurationList = FF21ADAB2AD2A139002B6787 /* Build configuration list for PBXNativeTarget "Hydrangea Homepage" */;
			buildPhases = (
				FF21AD832AD2A138002B6787 /* Sources */,
				FF21AD842AD2A138002B6787 /* Frameworks */,
				FF21AD852AD2A138002B6787 /* Resources */,
			);
			buildRules = (
			);
			dependencies = (
			);
			name = "Hydrangea Homepage";
			productName = "Hydrangea Homepage";
			productReference = FF21AD872AD2A138002B6787 /* Hydrangea Homepage.app */;
			productType = "com.apple.product-type.application";
		};
		FF21AD962AD2A139002B6787 /* Hydrangea HomepageTests */ = {
			isa = PBXNativeTarget;
			buildConfigurationList = FF21ADAE2AD2A139002B6787 /* Build configuration list for PBXNativeTarget "Hydrangea HomepageTests" */;
			buildPhases = (
				FF21AD932AD2A139002B6787 /* Sources */,
				FF21AD942AD2A139002B6787 /* Frameworks */,
				FF21AD952AD2A139002B6787 /* Resources */,
			);
			buildRules = (
			);
			dependencies = (
				FF21AD992AD2A139002B6787 /* PBXTargetDependency */,
			);
			name = "Hydrangea HomepageTests";
			productName = "Hydrangea HomepageTests";
			productReference = FF21AD972AD2A139002B6787 /* Hydrangea HomepageTests.xctest */;
			productType = "com.apple.product-type.bundle.unit-test";
		};
		FF21ADA02AD2A139002B6787 /* Hydrangea HomepageUITests */ = {
			isa = PBXNativeTarget;
			buildConfigurationList = FF21ADB12AD2A139002B6787 /* Build configuration list for PBXNativeTarget "Hydrangea HomepageUITests" */;
			buildPhases = (
				FF21AD9D2AD2A139002B6787 /* Sources */,
				FF21AD9E2AD2A139002B6787 /* Frameworks */,
				FF21AD9F2AD2A139002B6787 /* Resources */,
			);
			buildRules = (
			);
			dependencies = (
				FF21ADA32AD2A139002B6787 /* PBXTargetDependency */,
			);
			name = "Hydrangea HomepageUITests";
			productName = "Hydrangea HomepageUITests";
			productReference = FF21ADA12AD2A139002B6787 /* Hydrangea HomepageUITests.xctest */;
			productType = "com.apple.product-type.bundle.ui-testing";
		};
/* End PBXNativeTarget section */

/* Begin PBXProject section */
		FF21AD7F2AD2A138002B6787 /* Project object */ = {
			isa = PBXProject;
			attributes = {
				BuildIndependentTargetsInParallel = 1;
				LastSwiftUpdateCheck = 1430;
				LastUpgradeCheck = 1430;
				TargetAttributes = {
					FF21AD862AD2A138002B6787 = {
						CreatedOnToolsVersion = 14.3.1;
					};
					FF21AD962AD2A139002B6787 = {
						CreatedOnToolsVersion = 14.3.1;
						TestTargetID = FF21AD862AD2A138002B6787;
					};
					FF21ADA02AD2A139002B6787 = {
						CreatedOnToolsVersion = 14.3.1;
						TestTargetID = FF21AD862AD2A138002B6787;
					};
				};
			};
			buildConfigurationList = FF21AD822AD2A138002B6787 /* Build configuration list for PBXProject "Hydrangea Homepage" */;
			compatibilityVersion = "Xcode 14.0";
			developmentRegion = en;
			hasScannedForEncodings = 0;
			knownRegions = (
				en,
				Base,
			);
			mainGroup = FF21AD7E2AD2A138002B6787;
			productRefGroup = FF21AD882AD2A138002B6787 /* Products */;
			projectDirPath = "";
			projectRoot = "";
			targets = (
				FF21AD862AD2A138002B6787 /* Hydrangea Homepage */,
				FF21AD962AD2A139002B6787 /* Hydrangea HomepageTests */,
				FF21ADA02AD2A139002B6787 /* Hydrangea HomepageUITests */,
			);
		};
/* End PBXProject section */

/* Begin PBXResourcesBuildPhase section */
		FF21AD852AD2A138002B6787 /* Resources */ = {
			isa = PBXResourcesBuildPhase;
			buildActionMask = 2147483647;
			files = (
				FF21AD922AD2A139002B6787 /* Preview Assets.xcassets in Resources */,
				FF21AD8F2AD2A139002B6787 /* Assets.xcassets in Resources */,
			);
			runOnlyForDeploymentPostprocessing = 0;
		};
		FF21AD952AD2A139002B6787 /* Resources */ = {
			isa = PBXResourcesBuildPhase;
			buildActionMask = 2147483647;
			files = (
			);
			runOnlyForDeploymentPostprocessing = 0;
		};
		FF21AD9F2AD2A139002B6787 /* Resources */ = {
			isa = PBXResourcesBuildPhase;
			buildActionMask = 2147483647;
			files = (
			);
			runOnlyForDeploymentPostprocessing = 0;
		};
/* End PBXResourcesBuildPhase section */

/* Begin PBXSourcesBuildPhase section */
		FF21AD832AD2A138002B6787 /* Sources */ = {
			isa = PBXSourcesBuildPhase;
			buildActionMask = 2147483647;
			files = (
				FF21ADB62AD2A1EE002B6787 /* Icon.swift in Sources */,
				FF21AD8D2AD2A138002B6787 /* ContentView.swift in Sources */,
				FF21AD8B2AD2A138002B6787 /* Hydrangea_HomepageApp.swift in Sources */,
				FF21ADB82AD2A21C002B6787 /* Website.swift in Sources */,
			);
			runOnlyForDeploymentPostprocessing = 0;
		};
		FF21AD932AD2A139002B6787 /* Sources */ = {
			isa = PBXSourcesBuildPhase;
			buildActionMask = 2147483647;
			files = (
				FF21AD9C2AD2A139002B6787 /* Hydrangea_HomepageTests.swift in Sources */,
			);
			runOnlyForDeploymentPostprocessing = 0;
		};
		FF21AD9D2AD2A139002B6787 /* Sources */ = {
			isa = PBXSourcesBuildPhase;
			buildActionMask = 2147483647;
			files = (
				FF21ADA82AD2A139002B6787 /* Hydrangea_HomepageUITestsLaunchTests.swift in Sources */,
				FF21ADA62AD2A139002B6787 /* Hydrangea_HomepageUITests.swift in Sources */,
			);
			runOnlyForDeploymentPostprocessing = 0;
		};
/* End PBXSourcesBuildPhase section */

/* Begin PBXTargetDependency section */
		FF21AD992AD2A139002B6787 /* PBXTargetDependency */ = {
			isa = PBXTargetDependency;
			target = FF21AD862AD2A138002B6787 /* Hydrangea Homepage */;
			targetProxy = FF21AD982AD2A139002B6787 /* PBXContainerItemProxy */;
		};
		FF21ADA32AD2A139002B6787 /* PBXTargetDependency */ = {
			isa = PBXTargetDependency;
			target = FF21AD862AD2A138002B6787 /* Hydrangea Homepage */;
			targetProxy = FF21ADA22AD2A139002B6787 /* PBXContainerItemProxy */;
		};
/* End PBXTargetDependency section */

/* Begin XCBuildConfiguration section */
		FF21ADA92AD2A139002B6787 /* Debug */ = {
			isa = XCBuildConfiguration;
			buildSettings = {
				ALWAYS_SEARCH_USER_PATHS = NO;
				CLANG_ANALYZER_NONNULL = YES;
				CLANG_ANALYZER_NUMBER_OBJECT_CONVERSION = YES_AGGRESSIVE;
				CLANG_CXX_LANGUAGE_STANDARD = "gnu++20";
				CLANG_ENABLE_MODULES = YES;
				CLANG_ENABLE_OBJC_ARC = YES;
				CLANG_ENABLE_OBJC_WEAK = YES;
				CLANG_WARN_BLOCK_CAPTURE_AUTORELEASING = YES;
				CLANG_WARN_BOOL_CONVERSION = YES;
				CLANG_WARN_COMMA = YES;
				CLANG_WARN_CONSTANT_CONVERSION = YES;
				CLANG_WARN_DEPRECATED_OBJC_IMPLEMENTATIONS = YES;
				CLANG_WARN_DIRECT_OBJC_ISA_USAGE = YES_ERROR;
				CLANG_WARN_DOCUMENTATION_COMMENTS = YES;
				CLANG_WARN_EMPTY_BODY = YES;
				CLANG_WARN_ENUM_CONVERSION = YES;
				CLANG_WARN_INFINITE_RECURSION = YES;
				CLANG_WARN_INT_CONVERSION = YES;
				CLANG_WARN_NON_LITERAL_NULL_CONVERSION = YES;
				CLANG_WARN_OBJC_IMPLICIT_RETAIN_SELF = YES;
				CLANG_WARN_OBJC_LITERAL_CONVERSION = YES;
				CLANG_WARN_OBJC_ROOT_CLASS = YES_ERROR;
				CLANG_WARN_QUOTED_INCLUDE_IN_FRAMEWORK_HEADER = YES;
				CLANG_WARN_RANGE_LOOP_ANALYSIS = YES;
				CLANG_WARN_STRICT_PROTOTYPES = YES;
				CLANG_WARN_SUSPICIOUS_MOVE = YES;
				CLANG_WARN_UNGUARDED_AVAILABILITY = YES_AGGRESSIVE;
				CLANG_WARN_UNREACHABLE_CODE = YES;
				CLANG_WARN__DUPLICATE_METHOD_MATCH = YES;
				COPY_PHASE_STRIP = NO;
				DEBUG_INFORMATION_FORMAT = dwarf;
				ENABLE_STRICT_OBJC_MSGSEND = YES;
				ENABLE_TESTABILITY = YES;
				GCC_C_LANGUAGE_STANDARD = gnu11;
				GCC_DYNAMIC_NO_PIC = NO;
				GCC_NO_COMMON_BLOCKS = YES;
				GCC_OPTIMIZATION_LEVEL = 0;
				GCC_PREPROCESSOR_DEFINITIONS = (
					"DEBUG=1",
					"$(inherited)",
				);
				GCC_WARN_64_TO_32_BIT_CONVERSION = YES;
				GCC_WARN_ABOUT_RETURN_TYPE = YES_ERROR;
				GCC_WARN_UNDECLARED_SELECTOR = YES;
				GCC_WARN_UNINITIALIZED_AUTOS = YES_AGGRESSIVE;
				GCC_WARN_UNUSED_FUNCTION = YES;
				GCC_WARN_UNUSED_VARIABLE = YES;
				IPHONEOS_DEPLOYMENT_TARGET = 16.4;
				MTL_ENABLE_DEBUG_INFO = INCLUDE_SOURCE;
				MTL_FAST_MATH = YES;
				ONLY_ACTIVE_ARCH = YES;
				SDKROOT = iphoneos;
				SWIFT_ACTIVE_COMPILATION_CONDITIONS = DEBUG;
				SWIFT_OPTIMIZATION_LEVEL = "-Onone";
			};
			name = Debug;
		};
		FF21ADAA2AD2A139002B6787 /* Release */ = {
			isa = XCBuildConfiguration;
			buildSettings = {
				ALWAYS_SEARCH_USER_PATHS = NO;
				CLANG_ANALYZER_NONNULL = YES;
				CLANG_ANALYZER_NUMBER_OBJECT_CONVERSION = YES_AGGRESSIVE;
				CLANG_CXX_LANGUAGE_STANDARD = "gnu++20";
				CLANG_ENABLE_MODULES = YES;
				CLANG_ENABLE_OBJC_ARC = YES;
				CLANG_ENABLE_OBJC_WEAK = YES;
				CLANG_WARN_BLOCK_CAPTURE_AUTORELEASING = YES;
				CLANG_WARN_BOOL_CONVERSION = YES;
				CLANG_WARN_COMMA = YES;
				CLANG_WARN_CONSTANT_CONVERSION = YES;
				CLANG_WARN_DEPRECATED_OBJC_IMPLEMENTATIONS = YES;
				CLANG_WARN_DIRECT_OBJC_ISA_USAGE = YES_ERROR;
				CLANG_WARN_DOCUMENTATION_COMMENTS = YES;
				CLANG_WARN_EMPTY_BODY = YES;
				CLANG_WARN_ENUM_CONVERSION = YES;
				CLANG_WARN_INFINITE_RECURSION = YES;
				CLANG_WARN_INT_CONVERSION = YES;
				CLANG_WARN_NON_LITERAL_NULL_CONVERSION = YES;
				CLANG_WARN_OBJC_IMPLICIT_RETAIN_SELF = YES;
				CLANG_WARN_OBJC_LITERAL_CONVERSION = YES;
				CLANG_WARN_OBJC_ROOT_CLASS = YES_ERROR;
				CLANG_WARN_QUOTED_INCLUDE_IN_FRAMEWORK_HEADER = YES;
				CLANG_WARN_RANGE_LOOP_ANALYSIS = YES;
				CLANG_WARN_STRICT_PROTOTYPES = YES;
				CLANG_WARN_SUSPICIOUS_MOVE = YES;
				CLANG_WARN_UNGUARDED_AVAILABILITY = YES_AGGRESSIVE;
				CLANG_WARN_UNREACHABLE_CODE = YES;
				CLANG_WARN__DUPLICATE_METHOD_MATCH = YES;
				COPY_PHASE_STRIP = NO;
				DEBUG_INFORMATION_FORMAT = "dwarf-with-dsym";
				ENABLE_NS_ASSERTIONS = NO;
				ENABLE_STRICT_OBJC_MSGSEND = YES;
				GCC_C_LANGUAGE_STANDARD = gnu11;
				GCC_NO_COMMON_BLOCKS = YES;
				GCC_WARN_64_TO_32_BIT_CONVERSION = YES;
				GCC_WARN_ABOUT_RETURN_TYPE = YES_ERROR;
				GCC_WARN_UNDECLARED_SELECTOR = YES;
				GCC_WARN_UNINITIALIZED_AUTOS = YES_AGGRESSIVE;
				GCC_WARN_UNUSED_FUNCTION = YES;
				GCC_WARN_UNUSED_VARIABLE = YES;
				IPHONEOS_DEPLOYMENT_TARGET = 16.4;
				MTL_ENABLE_DEBUG_INFO = NO;
				MTL_FAST_MATH = YES;
				SDKROOT = iphoneos;
				SWIFT_COMPILATION_MODE = wholemodule;
				SWIFT_OPTIMIZATION_LEVEL = "-O";
				VALIDATE_PRODUCT = YES;
			};
			name = Release;
		};
		FF21ADAC2AD2A139002B6787 /* Debug */ = {
			isa = XCBuildConfiguration;
			buildSettings = {
				ASSETCATALOG_COMPILER_APPICON_NAME = AppIcon;
				ASSETCATALOG_COMPILER_GLOBAL_ACCENT_COLOR_NAME = AccentColor;
				CODE_SIGN_STYLE = Automatic;
				CURRENT_PROJECT_VERSION = 1;
				DEVELOPMENT_ASSET_PATHS = "\"Hydrangea Homepage/Preview Content\"";
				DEVELOPMENT_TEAM = ZR59599HJV;
				ENABLE_PREVIEWS = YES;
				GENERATE_INFOPLIST_FILE = YES;
				INFOPLIST_KEY_UIApplicationSceneManifest_Generation = YES;
				INFOPLIST_KEY_UIApplicationSupportsIndirectInputEvents = YES;
				INFOPLIST_KEY_UILaunchScreen_Generation = YES;
				INFOPLIST_KEY_UISupportedInterfaceOrientations_iPad = "UIInterfaceOrientationPortrait UIInterfaceOrientationPortraitUpsideDown UIInterfaceOrientationLandscapeLeft UIInterfaceOrientationLandscapeRight";
				INFOPLIST_KEY_UISupportedInterfaceOrientations_iPhone = "UIInterfaceOrientationPortrait UIInterfaceOrientationLandscapeLeft UIInterfaceOrientationLandscapeRight";
				LD_RUNPATH_SEARCH_PATHS = (
					"$(inherited)",
					"@executable_path/Frameworks",
				);
				MARKETING_VERSION = 1.0;
				PRODUCT_BUNDLE_IDENTIFIER = "com.Zeyu-Xie.Hydrangea-Homepage";
				PRODUCT_NAME = "$(TARGET_NAME)";
				SWIFT_EMIT_LOC_STRINGS = YES;
				SWIFT_VERSION = 5.0;
				TARGETED_DEVICE_FAMILY = "1,2";
			};
			name = Debug;
		};
		FF21ADAD2AD2A139002B6787 /* Release */ = {
			isa = XCBuildConfiguration;
			buildSettings = {
				ASSETCATALOG_COMPILER_APPICON_NAME = AppIcon;
				ASSETCATALOG_COMPILER_GLOBAL_ACCENT_COLOR_NAME = AccentColor;
				CODE_SIGN_STYLE = Automatic;
				CURRENT_PROJECT_VERSION = 1;
				DEVELOPMENT_ASSET_PATHS = "\"Hydrangea Homepage/Preview Content\"";
				DEVELOPMENT_TEAM = ZR59599HJV;
				ENABLE_PREVIEWS = YES;
				GENERATE_INFOPLIST_FILE = YES;
				INFOPLIST_KEY_UIApplicationSceneManifest_Generation = YES;
				INFOPLIST_KEY_UIApplicationSupportsIndirectInputEvents = YES;
				INFOPLIST_KEY_UILaunchScreen_Generation = YES;
				INFOPLIST_KEY_UISupportedInterfaceOrientations_iPad = "UIInterfaceOrientationPortrait UIInterfaceOrientationPortraitUpsideDown UIInterfaceOrientationLandscapeLeft UIInterfaceOrientationLandscapeRight";
				INFOPLIST_KEY_UISupportedInterfaceOrientations_iPhone = "UIInterfaceOrientationPortrait UIInterfaceOrientationLandscapeLeft UIInterfaceOrientationLandscapeRight";
				LD_RUNPATH_SEARCH_PATHS = (
					"$(inherited)",
					"@executable_path/Frameworks",
				);
				MARKETING_VERSION = 1.0;
				PRODUCT_BUNDLE_IDENTIFIER = "com.Zeyu-Xie.Hydrangea-Homepage";
				PRODUCT_NAME = "$(TARGET_NAME)";
				SWIFT_EMIT_LOC_STRINGS = YES;
				SWIFT_VERSION = 5.0;
				TARGETED_DEVICE_FAMILY = "1,2";
			};
			name = Release;
		};
		FF21ADAF2AD2A139002B6787 /* Debug */ = {
			isa = XCBuildConfiguration;
			buildSettings = {
				ALWAYS_EMBED_SWIFT_STANDARD_LIBRARIES = YES;
				BUNDLE_LOADER = "$(TEST_HOST)";
				CODE_SIGN_STYLE = Automatic;
				CURRENT_PROJECT_VERSION = 1;
				DEVELOPMENT_TEAM = ZR59599HJV;
				GENERATE_INFOPLIST_FILE = YES;
				IPHONEOS_DEPLOYMENT_TARGET = 16.4;
				MARKETING_VERSION = 1.0;
				PRODUCT_BUNDLE_IDENTIFIER = "com.Zeyu-Xie.Hydrangea-HomepageTests";
				PRODUCT_NAME = "$(TARGET_NAME)";
				SWIFT_EMIT_LOC_STRINGS = NO;
				SWIFT_VERSION = 5.0;
				TARGETED_DEVICE_FAMILY = "1,2";
				TEST_HOST = "$(BUILT_PRODUCTS_DIR)/Hydrangea Homepage.app/$(BUNDLE_EXECUTABLE_FOLDER_PATH)/Hydrangea Homepage";
			};
			name = Debug;
		};
		FF21ADB02AD2A139002B6787 /* Release */ = {
			isa = XCBuildConfiguration;
			buildSettings = {
				ALWAYS_EMBED_SWIFT_STANDARD_LIBRARIES = YES;
				BUNDLE_LOADER = "$(TEST_HOST)";
				CODE_SIGN_STYLE = Automatic;
				CURRENT_PROJECT_VERSION = 1;
				DEVELOPMENT_TEAM = ZR59599HJV;
				GENERATE_INFOPLIST_FILE = YES;
				IPHONEOS_DEPLOYMENT_TARGET = 16.4;
				MARKETING_VERSION = 1.0;
				PRODUCT_BUNDLE_IDENTIFIER = "com.Zeyu-Xie.Hydrangea-HomepageTests";
				PRODUCT_NAME = "$(TARGET_NAME)";
				SWIFT_EMIT_LOC_STRINGS = NO;
				SWIFT_VERSION = 5.0;
				TARGETED_DEVICE_FAMILY = "1,2";
				TEST_HOST = "$(BUILT_PRODUCTS_DIR)/Hydrangea Homepage.app/$(BUNDLE_EXECUTABLE_FOLDER_PATH)/Hydrangea Homepage";
			};
			name = Release;
		};
		FF21ADB22AD2A139002B6787 /* Debug */ = {
			isa = XCBuildConfiguration;
			buildSettings = {
				ALWAYS_EMBED_SWIFT_STANDARD_LIBRARIES = YES;
				CODE_SIGN_STYLE = Automatic;
				CURRENT_PROJECT_VERSION = 1;
				DEVELOPMENT_TEAM = ZR59599HJV;
				GENERATE_INFOPLIST_FILE = YES;
				MARKETING_VERSION = 1.0;
				PRODUCT_BUNDLE_IDENTIFIER = "com.Zeyu-Xie.Hydrangea-HomepageUITests";
				PRODUCT_NAME = "$(TARGET_NAME)";
				SWIFT_EMIT_LOC_STRINGS = NO;
				SWIFT_VERSION = 5.0;
				TARGETED_DEVICE_FAMILY = "1,2";
				TEST_TARGET_NAME = "Hydrangea Homepage";
			};
			name = Debug;
		};
		FF21ADB32AD2A139002B6787 /* Release */ = {
			isa = XCBuildConfiguration;
			buildSettings = {
				ALWAYS_EMBED_SWIFT_STANDARD_LIBRARIES = YES;
				CODE_SIGN_STYLE = Automatic;
				CURRENT_PROJECT_VERSION = 1;
				DEVELOPMENT_TEAM = ZR59599HJV;
				GENERATE_INFOPLIST_FILE = YES;
				MARKETING_VERSION = 1.0;
				PRODUCT_BUNDLE_IDENTIFIER = "com.Zeyu-Xie.Hydrangea-HomepageUITests";
				PRODUCT_NAME = "$(TARGET_NAME)";
				SWIFT_EMIT_LOC_STRINGS = NO;
				SWIFT_VERSION = 5.0;
				TARGETED_DEVICE_FAMILY = "1,2";
				TEST_TARGET_NAME = "Hydrangea Homepage";
			};
			name = Release;
		};
/* End XCBuildConfiguration section */

/* Begin XCConfigurationList section */
		FF21AD822AD2A138002B6787 /* Build configuration list for PBXProject "Hydrangea Homepage" */ = {
			isa = XCConfigurationList;
			buildConfigurations = (
				FF21ADA92AD2A139002B6787 /* Debug */,
				FF21ADAA2AD2A139002B6787 /* Release */,
			);
			defaultConfigurationIsVisible = 0;
			defaultConfigurationName = Release;
		};
		FF21ADAB2AD2A139002B6787 /* Build configuration list for PBXNativeTarget "Hydrangea Homepage" */ = {
			isa = XCConfigurationList;
			buildConfigurations = (
				FF21ADAC2AD2A139002B6787 /* Debug */,
				FF21ADAD2AD2A139002B6787 /* Release */,
			);
			defaultConfigurationIsVisible = 0;
			defaultConfigurationName = Release;
		};
		FF21ADAE2AD2A139002B6787 /* Build configuration list for PBXNativeTarget "Hydrangea HomepageTests" */ = {
			isa = XCConfigurationList;
			buildConfigurations = (
				FF21ADAF2AD2A139002B6787 /* Debug */,
				FF21ADB02AD2A139002B6787 /* Release */,
			);
			defaultConfigurationIsVisible = 0;
			defaultConfigurationName = Release;
		};
		FF21ADB12AD2A139002B6787 /* Build configuration list for PBXNativeTarget "Hydrangea HomepageUITests" */ = {
			isa = XCConfigurationList;
			buildConfigurations = (
				FF21ADB22AD2A139002B6787 /* Debug */,
				FF21ADB32AD2A139002B6787 /* Release */,
			);
			defaultConfigurationIsVisible = 0;
			defaultConfigurationName = Release;
		};
/* End XCConfigurationList section */
	};
	rootObject = FF21AD7F2AD2A138002B6787 /* Project object */;
}
