// !$*UTF8*$!
{
	archiveVersion = 1;
	classes = {
	};
	objectVersion = 56;
	objects = {

/* Begin PBXBuildFile section */
		FF27387E2AD2693D008F77CC /* Icon.swift in Sources */ = {isa = PBXBuildFile; fileRef = FF27387D2AD2693D008F77CC /* Icon.swift */; };
		FF2738802AD26B3C008F77CC /* Website.swift in Sources */ = {isa = PBXBuildFile; fileRef = FF27387F2AD26B3C008F77CC /* Website.swift */; };
		FFA00DA12AD1A02300CF4E6B /* Hydrangea_HomepageApp.swift in Sources */ = {isa = PBXBuildFile; fileRef = FFA00DA02AD1A02300CF4E6B /* Hydrangea_HomepageApp.swift */; };
		FFA00DA32AD1A02300CF4E6B /* ContentView.swift in Sources */ = {isa = PBXBuildFile; fileRef = FFA00DA22AD1A02300CF4E6B /* ContentView.swift */; };
		FFA00DA52AD1A02300CF4E6B /* Assets.xcassets in Resources */ = {isa = PBXBuildFile; fileRef = FFA00DA42AD1A02300CF4E6B /* Assets.xcassets */; };
		FFA00DA82AD1A02300CF4E6B /* Preview Assets.xcassets in Resources */ = {isa = PBXBuildFile; fileRef = FFA00DA72AD1A02300CF4E6B /* Preview Assets.xcassets */; };
		FFA00DB32AD1A02300CF4E6B /* Hydrangea_HomepageTests.swift in Sources */ = {isa = PBXBuildFile; fileRef = FFA00DB22AD1A02300CF4E6B /* Hydrangea_HomepageTests.swift */; };
		FFA00DBD2AD1A02300CF4E6B /* Hydrangea_HomepageUITests.swift in Sources */ = {isa = PBXBuildFile; fileRef = FFA00DBC2AD1A02300CF4E6B /* Hydrangea_HomepageUITests.swift */; };
		FFA00DBF2AD1A02300CF4E6B /* Hydrangea_HomepageUITestsLaunchTests.swift in Sources */ = {isa = PBXBuildFile; fileRef = FFA00DBE2AD1A02300CF4E6B /* Hydrangea_HomepageUITestsLaunchTests.swift */; };
/* End PBXBuildFile section */

/* Begin PBXContainerItemProxy section */
		FFA00DAF2AD1A02300CF4E6B /* PBXContainerItemProxy */ = {
			isa = PBXContainerItemProxy;
			containerPortal = FFA00D952AD1A02300CF4E6B /* Project object */;
			proxyType = 1;
			remoteGlobalIDString = FFA00D9C2AD1A02300CF4E6B;
			remoteInfo = "Hydrangea Homepage";
		};
		FFA00DB92AD1A02300CF4E6B /* PBXContainerItemProxy */ = {
			isa = PBXContainerItemProxy;
			containerPortal = FFA00D952AD1A02300CF4E6B /* Project object */;
			proxyType = 1;
			remoteGlobalIDString = FFA00D9C2AD1A02300CF4E6B;
			remoteInfo = "Hydrangea Homepage";
		};
/* End PBXContainerItemProxy section */

/* Begin PBXFileReference section */
		FF27387D2AD2693D008F77CC /* Icon.swift */ = {isa = PBXFileReference; lastKnownFileType = sourcecode.swift; path = Icon.swift; sourceTree = "<group>"; };
		FF27387F2AD26B3C008F77CC /* Website.swift */ = {isa = PBXFileReference; lastKnownFileType = sourcecode.swift; path = Website.swift; sourceTree = "<group>"; };
		FFA00D9D2AD1A02300CF4E6B /* Hydrangea Homepage.app */ = {isa = PBXFileReference; explicitFileType = wrapper.application; includeInIndex = 0; path = "Hydrangea Homepage.app"; sourceTree = BUILT_PRODUCTS_DIR; };
		FFA00DA02AD1A02300CF4E6B /* Hydrangea_HomepageApp.swift */ = {isa = PBXFileReference; lastKnownFileType = sourcecode.swift; path = Hydrangea_HomepageApp.swift; sourceTree = "<group>"; };
		FFA00DA22AD1A02300CF4E6B /* ContentView.swift */ = {isa = PBXFileReference; lastKnownFileType = sourcecode.swift; path = ContentView.swift; sourceTree = "<group>"; };
		FFA00DA42AD1A02300CF4E6B /* Assets.xcassets */ = {isa = PBXFileReference; lastKnownFileType = folder.assetcatalog; path = Assets.xcassets; sourceTree = "<group>"; };
		FFA00DA72AD1A02300CF4E6B /* Preview Assets.xcassets */ = {isa = PBXFileReference; lastKnownFileType = folder.assetcatalog; path = "Preview Assets.xcassets"; sourceTree = "<group>"; };
		FFA00DA92AD1A02300CF4E6B /* Hydrangea_Homepage.entitlements */ = {isa = PBXFileReference; lastKnownFileType = text.plist.entitlements; path = Hydrangea_Homepage.entitlements; sourceTree = "<group>"; };
		FFA00DAE2AD1A02300CF4E6B /* Hydrangea HomepageTests.xctest */ = {isa = PBXFileReference; explicitFileType = wrapper.cfbundle; includeInIndex = 0; path = "Hydrangea HomepageTests.xctest"; sourceTree = BUILT_PRODUCTS_DIR; };
		FFA00DB22AD1A02300CF4E6B /* Hydrangea_HomepageTests.swift */ = {isa = PBXFileReference; lastKnownFileType = sourcecode.swift; path = Hydrangea_HomepageTests.swift; sourceTree = "<group>"; };
		FFA00DB82AD1A02300CF4E6B /* Hydrangea HomepageUITests.xctest */ = {isa = PBXFileReference; explicitFileType = wrapper.cfbundle; includeInIndex = 0; path = "Hydrangea HomepageUITests.xctest"; sourceTree = BUILT_PRODUCTS_DIR; };
		FFA00DBC2AD1A02300CF4E6B /* Hydrangea_HomepageUITests.swift */ = {isa = PBXFileReference; lastKnownFileType = sourcecode.swift; path = Hydrangea_HomepageUITests.swift; sourceTree = "<group>"; };
		FFA00DBE2AD1A02300CF4E6B /* Hydrangea_HomepageUITestsLaunchTests.swift */ = {isa = PBXFileReference; lastKnownFileType = sourcecode.swift; path = Hydrangea_HomepageUITestsLaunchTests.swift; sourceTree = "<group>"; };
/* End PBXFileReference section */

/* Begin PBXFrameworksBuildPhase section */
		FFA00D9A2AD1A02300CF4E6B /* Frameworks */ = {
			isa = PBXFrameworksBuildPhase;
			buildActionMask = 2147483647;
			files = (
			);
			runOnlyForDeploymentPostprocessing = 0;
		};
		FFA00DAB2AD1A02300CF4E6B /* Frameworks */ = {
			isa = PBXFrameworksBuildPhase;
			buildActionMask = 2147483647;
			files = (
			);
			runOnlyForDeploymentPostprocessing = 0;
		};
		FFA00DB52AD1A02300CF4E6B /* Frameworks */ = {
			isa = PBXFrameworksBuildPhase;
			buildActionMask = 2147483647;
			files = (
			);
			runOnlyForDeploymentPostprocessing = 0;
		};
/* End PBXFrameworksBuildPhase section */

/* Begin PBXGroup section */
		FF27387C2AD2691A008F77CC /* components */ = {
			isa = PBXGroup;
			children = (
				FF27387D2AD2693D008F77CC /* Icon.swift */,
				FF27387F2AD26B3C008F77CC /* Website.swift */,
			);
			path = components;
			sourceTree = "<group>";
		};
		FFA00D942AD1A02300CF4E6B = {
			isa = PBXGroup;
			children = (
				FFA00D9F2AD1A02300CF4E6B /* Hydrangea Homepage */,
				FFA00DB12AD1A02300CF4E6B /* Hydrangea HomepageTests */,
				FFA00DBB2AD1A02300CF4E6B /* Hydrangea HomepageUITests */,
				FFA00D9E2AD1A02300CF4E6B /* Products */,
			);
			sourceTree = "<group>";
		};
		FFA00D9E2AD1A02300CF4E6B /* Products */ = {
			isa = PBXGroup;
			children = (
				FFA00D9D2AD1A02300CF4E6B /* Hydrangea Homepage.app */,
				FFA00DAE2AD1A02300CF4E6B /* Hydrangea HomepageTests.xctest */,
				FFA00DB82AD1A02300CF4E6B /* Hydrangea HomepageUITests.xctest */,
			);
			name = Products;
			sourceTree = "<group>";
		};
		FFA00D9F2AD1A02300CF4E6B /* Hydrangea Homepage */ = {
			isa = PBXGroup;
			children = (
				FFA00DA02AD1A02300CF4E6B /* Hydrangea_HomepageApp.swift */,
				FFA00DA22AD1A02300CF4E6B /* ContentView.swift */,
				FF27387C2AD2691A008F77CC /* components */,
				FFA00DA42AD1A02300CF4E6B /* Assets.xcassets */,
				FFA00DA92AD1A02300CF4E6B /* Hydrangea_Homepage.entitlements */,
				FFA00DA62AD1A02300CF4E6B /* Preview Content */,
			);
			path = "Hydrangea Homepage";
			sourceTree = "<group>";
		};
		FFA00DA62AD1A02300CF4E6B /* Preview Content */ = {
			isa = PBXGroup;
			children = (
				FFA00DA72AD1A02300CF4E6B /* Preview Assets.xcassets */,
			);
			path = "Preview Content";
			sourceTree = "<group>";
		};
		FFA00DB12AD1A02300CF4E6B /* Hydrangea HomepageTests */ = {
			isa = PBXGroup;
			children = (
				FFA00DB22AD1A02300CF4E6B /* Hydrangea_HomepageTests.swift */,
			);
			path = "Hydrangea HomepageTests";
			sourceTree = "<group>";
		};
		FFA00DBB2AD1A02300CF4E6B /* Hydrangea HomepageUITests */ = {
			isa = PBXGroup;
			children = (
				FFA00DBC2AD1A02300CF4E6B /* Hydrangea_HomepageUITests.swift */,
				FFA00DBE2AD1A02300CF4E6B /* Hydrangea_HomepageUITestsLaunchTests.swift */,
			);
			path = "Hydrangea HomepageUITests";
			sourceTree = "<group>";
		};
/* End PBXGroup section */

/* Begin PBXNativeTarget section */
		FFA00D9C2AD1A02300CF4E6B /* Hydrangea Homepage */ = {
			isa = PBXNativeTarget;
			buildConfigurationList = FFA00DC22AD1A02300CF4E6B /* Build configuration list for PBXNativeTarget "Hydrangea Homepage" */;
			buildPhases = (
				FFA00D992AD1A02300CF4E6B /* Sources */,
				FFA00D9A2AD1A02300CF4E6B /* Frameworks */,
				FFA00D9B2AD1A02300CF4E6B /* Resources */,
			);
			buildRules = (
			);
			dependencies = (
			);
			name = "Hydrangea Homepage";
			productName = "Hydrangea Homepage";
			productReference = FFA00D9D2AD1A02300CF4E6B /* Hydrangea Homepage.app */;
			productType = "com.apple.product-type.application";
		};
		FFA00DAD2AD1A02300CF4E6B /* Hydrangea HomepageTests */ = {
			isa = PBXNativeTarget;
			buildConfigurationList = FFA00DC52AD1A02300CF4E6B /* Build configuration list for PBXNativeTarget "Hydrangea HomepageTests" */;
			buildPhases = (
				FFA00DAA2AD1A02300CF4E6B /* Sources */,
				FFA00DAB2AD1A02300CF4E6B /* Frameworks */,
				FFA00DAC2AD1A02300CF4E6B /* Resources */,
			);
			buildRules = (
			);
			dependencies = (
				FFA00DB02AD1A02300CF4E6B /* PBXTargetDependency */,
			);
			name = "Hydrangea HomepageTests";
			productName = "Hydrangea HomepageTests";
			productReference = FFA00DAE2AD1A02300CF4E6B /* Hydrangea HomepageTests.xctest */;
			productType = "com.apple.product-type.bundle.unit-test";
		};
		FFA00DB72AD1A02300CF4E6B /* Hydrangea HomepageUITests */ = {
			isa = PBXNativeTarget;
			buildConfigurationList = FFA00DC82AD1A02300CF4E6B /* Build configuration list for PBXNativeTarget "Hydrangea HomepageUITests" */;
			buildPhases = (
				FFA00DB42AD1A02300CF4E6B /* Sources */,
				FFA00DB52AD1A02300CF4E6B /* Frameworks */,
				FFA00DB62AD1A02300CF4E6B /* Resources */,
			);
			buildRules = (
			);
			dependencies = (
				FFA00DBA2AD1A02300CF4E6B /* PBXTargetDependency */,
			);
			name = "Hydrangea HomepageUITests";
			productName = "Hydrangea HomepageUITests";
			productReference = FFA00DB82AD1A02300CF4E6B /* Hydrangea HomepageUITests.xctest */;
			productType = "com.apple.product-type.bundle.ui-testing";
		};
/* End PBXNativeTarget section */

/* Begin PBXProject section */
		FFA00D952AD1A02300CF4E6B /* Project object */ = {
			isa = PBXProject;
			attributes = {
				BuildIndependentTargetsInParallel = 1;
				LastSwiftUpdateCheck = 1430;
				LastUpgradeCheck = 1430;
				TargetAttributes = {
					FFA00D9C2AD1A02300CF4E6B = {
						CreatedOnToolsVersion = 14.3.1;
					};
					FFA00DAD2AD1A02300CF4E6B = {
						CreatedOnToolsVersion = 14.3.1;
						TestTargetID = FFA00D9C2AD1A02300CF4E6B;
					};
					FFA00DB72AD1A02300CF4E6B = {
						CreatedOnToolsVersion = 14.3.1;
						TestTargetID = FFA00D9C2AD1A02300CF4E6B;
					};
				};
			};
			buildConfigurationList = FFA00D982AD1A02300CF4E6B /* Build configuration list for PBXProject "Hydrangea Homepage" */;
			compatibilityVersion = "Xcode 14.0";
			developmentRegion = en;
			hasScannedForEncodings = 0;
			knownRegions = (
				en,
				Base,
			);
			mainGroup = FFA00D942AD1A02300CF4E6B;
			productRefGroup = FFA00D9E2AD1A02300CF4E6B /* Products */;
			projectDirPath = "";
			projectRoot = "";
			targets = (
				FFA00D9C2AD1A02300CF4E6B /* Hydrangea Homepage */,
				FFA00DAD2AD1A02300CF4E6B /* Hydrangea HomepageTests */,
				FFA00DB72AD1A02300CF4E6B /* Hydrangea HomepageUITests */,
			);
		};
/* End PBXProject section */

/* Begin PBXResourcesBuildPhase section */
		FFA00D9B2AD1A02300CF4E6B /* Resources */ = {
			isa = PBXResourcesBuildPhase;
			buildActionMask = 2147483647;
			files = (
				FFA00DA82AD1A02300CF4E6B /* Preview Assets.xcassets in Resources */,
				FFA00DA52AD1A02300CF4E6B /* Assets.xcassets in Resources */,
			);
			runOnlyForDeploymentPostprocessing = 0;
		};
		FFA00DAC2AD1A02300CF4E6B /* Resources */ = {
			isa = PBXResourcesBuildPhase;
			buildActionMask = 2147483647;
			files = (
			);
			runOnlyForDeploymentPostprocessing = 0;
		};
		FFA00DB62AD1A02300CF4E6B /* Resources */ = {
			isa = PBXResourcesBuildPhase;
			buildActionMask = 2147483647;
			files = (
			);
			runOnlyForDeploymentPostprocessing = 0;
		};
/* End PBXResourcesBuildPhase section */

/* Begin PBXSourcesBuildPhase section */
		FFA00D992AD1A02300CF4E6B /* Sources */ = {
			isa = PBXSourcesBuildPhase;
			buildActionMask = 2147483647;
			files = (
				FFA00DA32AD1A02300CF4E6B /* ContentView.swift in Sources */,
				FFA00DA12AD1A02300CF4E6B /* Hydrangea_HomepageApp.swift in Sources */,
				FF27387E2AD2693D008F77CC /* Icon.swift in Sources */,
				FF2738802AD26B3C008F77CC /* Website.swift in Sources */,
			);
			runOnlyForDeploymentPostprocessing = 0;
		};
		FFA00DAA2AD1A02300CF4E6B /* Sources */ = {
			isa = PBXSourcesBuildPhase;
			buildActionMask = 2147483647;
			files = (
				FFA00DB32AD1A02300CF4E6B /* Hydrangea_HomepageTests.swift in Sources */,
			);
			runOnlyForDeploymentPostprocessing = 0;
		};
		FFA00DB42AD1A02300CF4E6B /* Sources */ = {
			isa = PBXSourcesBuildPhase;
			buildActionMask = 2147483647;
			files = (
				FFA00DBF2AD1A02300CF4E6B /* Hydrangea_HomepageUITestsLaunchTests.swift in Sources */,
				FFA00DBD2AD1A02300CF4E6B /* Hydrangea_HomepageUITests.swift in Sources */,
			);
			runOnlyForDeploymentPostprocessing = 0;
		};
/* End PBXSourcesBuildPhase section */

/* Begin PBXTargetDependency section */
		FFA00DB02AD1A02300CF4E6B /* PBXTargetDependency */ = {
			isa = PBXTargetDependency;
			target = FFA00D9C2AD1A02300CF4E6B /* Hydrangea Homepage */;
			targetProxy = FFA00DAF2AD1A02300CF4E6B /* PBXContainerItemProxy */;
		};
		FFA00DBA2AD1A02300CF4E6B /* PBXTargetDependency */ = {
			isa = PBXTargetDependency;
			target = FFA00D9C2AD1A02300CF4E6B /* Hydrangea Homepage */;
			targetProxy = FFA00DB92AD1A02300CF4E6B /* PBXContainerItemProxy */;
		};
/* End PBXTargetDependency section */

/* Begin XCBuildConfiguration section */
		FFA00DC02AD1A02300CF4E6B /* Debug */ = {
			isa = XCBuildConfiguration;
			buildSettings = {
				ALWAYS_SEARCH_USER_PATHS = NO;
				CLANG_ANALYZER_NONNULL = YES;
				CLANG_ANALYZER_NUMBER_OBJECT_CONVERSION = YES_AGGRESSIVE;
				CLANG_CXX_LANGUAGE_STANDARD = "gnu++20";
				CLANG_ENABLE_MODULES = YES;
				CLANG_ENABLE_OBJC_ARC = YES;
				CLANG_ENABLE_OBJC_WEAK = YES;
				CLANG_WARN_BLOCK_CAPTURE_AUTORELEASING = YES;
				CLANG_WARN_BOOL_CONVERSION = YES;
				CLANG_WARN_COMMA = YES;
				CLANG_WARN_CONSTANT_CONVERSION = YES;
				CLANG_WARN_DEPRECATED_OBJC_IMPLEMENTATIONS = YES;
				CLANG_WARN_DIRECT_OBJC_ISA_USAGE = YES_ERROR;
				CLANG_WARN_DOCUMENTATION_COMMENTS = YES;
				CLANG_WARN_EMPTY_BODY = YES;
				CLANG_WARN_ENUM_CONVERSION = YES;
				CLANG_WARN_INFINITE_RECURSION = YES;
				CLANG_WARN_INT_CONVERSION = YES;
				CLANG_WARN_NON_LITERAL_NULL_CONVERSION = YES;
				CLANG_WARN_OBJC_IMPLICIT_RETAIN_SELF = YES;
				CLANG_WARN_OBJC_LITERAL_CONVERSION = YES;
				CLANG_WARN_OBJC_ROOT_CLASS = YES_ERROR;
				CLANG_WARN_QUOTED_INCLUDE_IN_FRAMEWORK_HEADER = YES;
				CLANG_WARN_RANGE_LOOP_ANALYSIS = YES;
				CLANG_WARN_STRICT_PROTOTYPES = YES;
				CLANG_WARN_SUSPICIOUS_MOVE = YES;
				CLANG_WARN_UNGUARDED_AVAILABILITY = YES_AGGRESSIVE;
				CLANG_WARN_UNREACHABLE_CODE = YES;
				CLANG_WARN__DUPLICATE_METHOD_MATCH = YES;
				COPY_PHASE_STRIP = NO;
				DEBUG_INFORMATION_FORMAT = dwarf;
				ENABLE_STRICT_OBJC_MSGSEND = YES;
				ENABLE_TESTABILITY = YES;
				GCC_C_LANGUAGE_STANDARD = gnu11;
				GCC_DYNAMIC_NO_PIC = NO;
				GCC_NO_COMMON_BLOCKS = YES;
				GCC_OPTIMIZATION_LEVEL = 0;
				GCC_PREPROCESSOR_DEFINITIONS = (
					"DEBUG=1",
					"$(inherited)",
				);
				GCC_WARN_64_TO_32_BIT_CONVERSION = YES;
				GCC_WARN_ABOUT_RETURN_TYPE = YES_ERROR;
				GCC_WARN_UNDECLARED_SELECTOR = YES;
				GCC_WARN_UNINITIALIZED_AUTOS = YES_AGGRESSIVE;
				GCC_WARN_UNUSED_FUNCTION = YES;
				GCC_WARN_UNUSED_VARIABLE = YES;
				MACOSX_DEPLOYMENT_TARGET = 13.3;
				MTL_ENABLE_DEBUG_INFO = INCLUDE_SOURCE;
				MTL_FAST_MATH = YES;
				ONLY_ACTIVE_ARCH = YES;
				SDKROOT = macosx;
				SWIFT_ACTIVE_COMPILATION_CONDITIONS = DEBUG;
				SWIFT_OPTIMIZATION_LEVEL = "-Onone";
			};
			name = Debug;
		};
		FFA00DC12AD1A02300CF4E6B /* Release */ = {
			isa = XCBuildConfiguration;
			buildSettings = {
				ALWAYS_SEARCH_USER_PATHS = NO;
				CLANG_ANALYZER_NONNULL = YES;
				CLANG_ANALYZER_NUMBER_OBJECT_CONVERSION = YES_AGGRESSIVE;
				CLANG_CXX_LANGUAGE_STANDARD = "gnu++20";
				CLANG_ENABLE_MODULES = YES;
				CLANG_ENABLE_OBJC_ARC = YES;
				CLANG_ENABLE_OBJC_WEAK = YES;
				CLANG_WARN_BLOCK_CAPTURE_AUTORELEASING = YES;
				CLANG_WARN_BOOL_CONVERSION = YES;
				CLANG_WARN_COMMA = YES;
				CLANG_WARN_CONSTANT_CONVERSION = YES;
				CLANG_WARN_DEPRECATED_OBJC_IMPLEMENTATIONS = YES;
				CLANG_WARN_DIRECT_OBJC_ISA_USAGE = YES_ERROR;
				CLANG_WARN_DOCUMENTATION_COMMENTS = YES;
				CLANG_WARN_EMPTY_BODY = YES;
				CLANG_WARN_ENUM_CONVERSION = YES;
				CLANG_WARN_INFINITE_RECURSION = YES;
				CLANG_WARN_INT_CONVERSION = YES;
				CLANG_WARN_NON_LITERAL_NULL_CONVERSION = YES;
				CLANG_WARN_OBJC_IMPLICIT_RETAIN_SELF = YES;
				CLANG_WARN_OBJC_LITERAL_CONVERSION = YES;
				CLANG_WARN_OBJC_ROOT_CLASS = YES_ERROR;
				CLANG_WARN_QUOTED_INCLUDE_IN_FRAMEWORK_HEADER = YES;
				CLANG_WARN_RANGE_LOOP_ANALYSIS = YES;
				CLANG_WARN_STRICT_PROTOTYPES = YES;
				CLANG_WARN_SUSPICIOUS_MOVE = YES;
				CLANG_WARN_UNGUARDED_AVAILABILITY = YES_AGGRESSIVE;
				CLANG_WARN_UNREACHABLE_CODE = YES;
				CLANG_WARN__DUPLICATE_METHOD_MATCH = YES;
				COPY_PHASE_STRIP = NO;
				DEBUG_INFORMATION_FORMAT = "dwarf-with-dsym";
				ENABLE_NS_ASSERTIONS = NO;
				ENABLE_STRICT_OBJC_MSGSEND = YES;
				GCC_C_LANGUAGE_STANDARD = gnu11;
				GCC_NO_COMMON_BLOCKS = YES;
				GCC_WARN_64_TO_32_BIT_CONVERSION = YES;
				GCC_WARN_ABOUT_RETURN_TYPE = YES_ERROR;
				GCC_WARN_UNDECLARED_SELECTOR = YES;
				GCC_WARN_UNINITIALIZED_AUTOS = YES_AGGRESSIVE;
				GCC_WARN_UNUSED_FUNCTION = YES;
				GCC_WARN_UNUSED_VARIABLE = YES;
				MACOSX_DEPLOYMENT_TARGET = 13.3;
				MTL_ENABLE_DEBUG_INFO = NO;
				MTL_FAST_MATH = YES;
				SDKROOT = macosx;
				SWIFT_COMPILATION_MODE = wholemodule;
				SWIFT_OPTIMIZATION_LEVEL = "-O";
			};
			name = Release;
		};
		FFA00DC32AD1A02300CF4E6B /* Debug */ = {
			isa = XCBuildConfiguration;
			buildSettings = {
				ASSETCATALOG_COMPILER_APPICON_NAME = AppIcon;
				ASSETCATALOG_COMPILER_GLOBAL_ACCENT_COLOR_NAME = AccentColor;
				CODE_SIGN_ENTITLEMENTS = "Hydrangea Homepage/Hydrangea_Homepage.entitlements";
				CODE_SIGN_STYLE = Automatic;
				COMBINE_HIDPI_IMAGES = YES;
				CURRENT_PROJECT_VERSION = 2.0;
				DEVELOPMENT_ASSET_PATHS = "\"Hydrangea Homepage/Preview Content\"";
				DEVELOPMENT_TEAM = ZR59599HJV;
				ENABLE_HARDENED_RUNTIME = YES;
				ENABLE_PREVIEWS = YES;
				GENERATE_INFOPLIST_FILE = YES;
				INFOPLIST_KEY_NSHumanReadableCopyright = "";
				LD_RUNPATH_SEARCH_PATHS = (
					"$(inherited)",
					"@executable_path/../Frameworks",
				);
				MARKETING_VERSION = 2.0;
				PRODUCT_BUNDLE_IDENTIFIER = "com.Zeyu-Xie.Hydrangea-Homepage";
				PRODUCT_NAME = "$(TARGET_NAME)";
				SWIFT_EMIT_LOC_STRINGS = YES;
				SWIFT_VERSION = 5.0;
			};
			name = Debug;
		};
		FFA00DC42AD1A02300CF4E6B /* Release */ = {
			isa = XCBuildConfiguration;
			buildSettings = {
				ASSETCATALOG_COMPILER_APPICON_NAME = AppIcon;
				ASSETCATALOG_COMPILER_GLOBAL_ACCENT_COLOR_NAME = AccentColor;
				CODE_SIGN_ENTITLEMENTS = "Hydrangea Homepage/Hydrangea_Homepage.entitlements";
				CODE_SIGN_STYLE = Automatic;
				COMBINE_HIDPI_IMAGES = YES;
				CURRENT_PROJECT_VERSION = 2.0;
				DEVELOPMENT_ASSET_PATHS = "\"Hydrangea Homepage/Preview Content\"";
				DEVELOPMENT_TEAM = ZR59599HJV;
				ENABLE_HARDENED_RUNTIME = YES;
				ENABLE_PREVIEWS = YES;
				GENERATE_INFOPLIST_FILE = YES;
				INFOPLIST_KEY_NSHumanReadableCopyright = "";
				LD_RUNPATH_SEARCH_PATHS = (
					"$(inherited)",
					"@executable_path/../Frameworks",
				);
				MARKETING_VERSION = 2.0;
				PRODUCT_BUNDLE_IDENTIFIER = "com.Zeyu-Xie.Hydrangea-Homepage";
				PRODUCT_NAME = "$(TARGET_NAME)";
				SWIFT_EMIT_LOC_STRINGS = YES;
				SWIFT_VERSION = 5.0;
			};
			name = Release;
		};
		FFA00DC62AD1A02300CF4E6B /* Debug */ = {
			isa = XCBuildConfiguration;
			buildSettings = {
				ALWAYS_EMBED_SWIFT_STANDARD_LIBRARIES = YES;
				BUNDLE_LOADER = "$(TEST_HOST)";
				CODE_SIGN_STYLE = Automatic;
				CURRENT_PROJECT_VERSION = 1;
				DEVELOPMENT_TEAM = ZR59599HJV;
				GENERATE_INFOPLIST_FILE = YES;
				MACOSX_DEPLOYMENT_TARGET = 13.3;
				MARKETING_VERSION = 1.0;
				PRODUCT_BUNDLE_IDENTIFIER = "com.Zeyu-Xie.Hydrangea-HomepageTests";
				PRODUCT_NAME = "$(TARGET_NAME)";
				SWIFT_EMIT_LOC_STRINGS = NO;
				SWIFT_VERSION = 5.0;
				TEST_HOST = "$(BUILT_PRODUCTS_DIR)/Hydrangea Homepage.app/$(BUNDLE_EXECUTABLE_FOLDER_PATH)/Hydrangea Homepage";
			};
			name = Debug;
		};
		FFA00DC72AD1A02300CF4E6B /* Release */ = {
			isa = XCBuildConfiguration;
			buildSettings = {
				ALWAYS_EMBED_SWIFT_STANDARD_LIBRARIES = YES;
				BUNDLE_LOADER = "$(TEST_HOST)";
				CODE_SIGN_STYLE = Automatic;
				CURRENT_PROJECT_VERSION = 1;
				DEVELOPMENT_TEAM = ZR59599HJV;
				GENERATE_INFOPLIST_FILE = YES;
				MACOSX_DEPLOYMENT_TARGET = 13.3;
				MARKETING_VERSION = 1.0;
				PRODUCT_BUNDLE_IDENTIFIER = "com.Zeyu-Xie.Hydrangea-HomepageTests";
				PRODUCT_NAME = "$(TARGET_NAME)";
				SWIFT_EMIT_LOC_STRINGS = NO;
				SWIFT_VERSION = 5.0;
				TEST_HOST = "$(BUILT_PRODUCTS_DIR)/Hydrangea Homepage.app/$(BUNDLE_EXECUTABLE_FOLDER_PATH)/Hydrangea Homepage";
			};
			name = Release;
		};
		FFA00DC92AD1A02300CF4E6B /* Debug */ = {
			isa = XCBuildConfiguration;
			buildSettings = {
				ALWAYS_EMBED_SWIFT_STANDARD_LIBRARIES = YES;
				CODE_SIGN_STYLE = Automatic;
				CURRENT_PROJECT_VERSION = 1;
				DEVELOPMENT_TEAM = ZR59599HJV;
				GENERATE_INFOPLIST_FILE = YES;
				MARKETING_VERSION = 1.0;
				PRODUCT_BUNDLE_IDENTIFIER = "com.Zeyu-Xie.Hydrangea-HomepageUITests";
				PRODUCT_NAME = "$(TARGET_NAME)";
				SWIFT_EMIT_LOC_STRINGS = NO;
				SWIFT_VERSION = 5.0;
				TEST_TARGET_NAME = "Hydrangea Homepage";
			};
			name = Debug;
		};
		FFA00DCA2AD1A02300CF4E6B /* Release */ = {
			isa = XCBuildConfiguration;
			buildSettings = {
				ALWAYS_EMBED_SWIFT_STANDARD_LIBRARIES = YES;
				CODE_SIGN_STYLE = Automatic;
				CURRENT_PROJECT_VERSION = 1;
				DEVELOPMENT_TEAM = ZR59599HJV;
				GENERATE_INFOPLIST_FILE = YES;
				MARKETING_VERSION = 1.0;
				PRODUCT_BUNDLE_IDENTIFIER = "com.Zeyu-Xie.Hydrangea-HomepageUITests";
				PRODUCT_NAME = "$(TARGET_NAME)";
				SWIFT_EMIT_LOC_STRINGS = NO;
				SWIFT_VERSION = 5.0;
				TEST_TARGET_NAME = "Hydrangea Homepage";
			};
			name = Release;
		};
/* End XCBuildConfiguration section */

/* Begin XCConfigurationList section */
		FFA00D982AD1A02300CF4E6B /* Build configuration list for PBXProject "Hydrangea Homepage" */ = {
			isa = XCConfigurationList;
			buildConfigurations = (
				FFA00DC02AD1A02300CF4E6B /* Debug */,
				FFA00DC12AD1A02300CF4E6B /* Release */,
			);
			defaultConfigurationIsVisible = 0;
			defaultConfigurationName = Release;
		};
		FFA00DC22AD1A02300CF4E6B /* Build configuration list for PBXNativeTarget "Hydrangea Homepage" */ = {
			isa = XCConfigurationList;
			buildConfigurations = (
				FFA00DC32AD1A02300CF4E6B /* Debug */,
				FFA00DC42AD1A02300CF4E6B /* Release */,
			);
			defaultConfigurationIsVisible = 0;
			defaultConfigurationName = Release;
		};
		FFA00DC52AD1A02300CF4E6B /* Build configuration list for PBXNativeTarget "Hydrangea HomepageTests" */ = {
			isa = XCConfigurationList;
			buildConfigurations = (
				FFA00DC62AD1A02300CF4E6B /* Debug */,
				FFA00DC72AD1A02300CF4E6B /* Release */,
			);
			defaultConfigurationIsVisible = 0;
			defaultConfigurationName = Release;
		};
		FFA00DC82AD1A02300CF4E6B /* Build configuration list for PBXNativeTarget "Hydrangea HomepageUITests" */ = {
			isa = XCConfigurationList;
			buildConfigurations = (
				FFA00DC92AD1A02300CF4E6B /* Debug */,
				FFA00DCA2AD1A02300CF4E6B /* Release */,
			);
			defaultConfigurationIsVisible = 0;
			defaultConfigurationName = Release;
		};
/* End XCConfigurationList section */
	};
	rootObject = FFA00D952AD1A02300CF4E6B /* Project object */;
}
